
Microsoft Visual Studio Solution File, Format Version 12.00
# Visual Studio 15
VisualStudioVersion = 15.0.28307.438
MinimumVisualStudioVersion = 10.0.40219.1
Project("{FAE04EC0-301F-11D3-BF4B-00C04F79EFBC}") = "CrudUsingXamarin.Android", "CrudUsingXamarin\CrudUsingXamarin.Android\CrudUsingXamarin.Android.csproj", "{F1323CB7-9591-448A-BD53-2A0F92A1DBEB}"
EndProject
Project("{FAE04EC0-301F-11D3-BF4B-00C04F79EFBC}") = "CrudUsingXamarin.iOS", "CrudUsingXamarin\CrudUsingXamarin.iOS\CrudUsingXamarin.iOS.csproj", "{53CFF667-097C-4F05-BC5C-7634ECEE5C01}"
EndProject
Project("{FAE04EC0-301F-11D3-BF4B-00C04F79EFBC}") = "CrudUsingXamarin.UWP", "CrudUsingXamarin\CrudUsingXamarin.UWP\CrudUsingXamarin.UWP.csproj", "{E53D6F91-C142-46B7-8CD1-5D08EC9D915B}"
EndProject
Project("{FAE04EC0-301F-11D3-BF4B-00C04F79EFBC}") = "CrudUsingXamarin", "CrudUsingXamarin\CrudUsingXamarin\CrudUsingXamarin.csproj", "{C98AB40E-B10B-400B-BFC7-14F489F3DA47}"
EndProject
Global
	GlobalSection(SolutionConfigurationPlatforms) = preSolution
		Ad-Hoc|Any CPU = Ad-Hoc|Any CPU
		Ad-Hoc|ARM = Ad-Hoc|ARM
		Ad-Hoc|iPhone = Ad-Hoc|iPhone
		Ad-Hoc|iPhoneSimulator = Ad-Hoc|iPhoneSimulator
		Ad-Hoc|x64 = Ad-Hoc|x64
		Ad-Hoc|x86 = Ad-Hoc|x86
		AppStore|Any CPU = AppStore|Any CPU
		AppStore|ARM = AppStore|ARM
		AppStore|iPhone = AppStore|iPhone
		AppStore|iPhoneSimulator = AppStore|iPhoneSimulator
		AppStore|x64 = AppStore|x64
		AppStore|x86 = AppStore|x86
		Debug|Any CPU = Debug|Any CPU
		Debug|ARM = Debug|ARM
		Debug|iPhone = Debug|iPhone
		Debug|iPhoneSimulator = Debug|iPhoneSimulator
		Debug|x64 = Debug|x64
		Debug|x86 = Debug|x86
		Release|Any CPU = Release|Any CPU
		Release|ARM = Release|ARM
		Release|iPhone = Release|iPhone
		Release|iPhoneSimulator = Release|iPhoneSimulator
		Release|x64 = Release|x64
		Release|x86 = Release|x86
	EndGlobalSection
	GlobalSection(ProjectConfigurationPlatforms) = postSolution
		{F1323CB7-9591-448A-BD53-2A0F92A1DBEB}.Ad-Hoc|Any CPU.ActiveCfg = Release|Any CPU
		{F1323CB7-9591-448A-BD53-2A0F92A1DBEB}.Ad-Hoc|Any CPU.Build.0 = Release|Any CPU
		{F1323CB7-9591-448A-BD53-2A0F92A1DBEB}.Ad-Hoc|Any CPU.Deploy.0 = Release|Any CPU
		{F1323CB7-9591-448A-BD53-2A0F92A1DBEB}.Ad-Hoc|ARM.ActiveCfg = Release|Any CPU
		{F1323CB7-9591-448A-BD53-2A0F92A1DBEB}.Ad-Hoc|ARM.Build.0 = Release|Any CPU
		{F1323CB7-9591-448A-BD53-2A0F92A1DBEB}.Ad-Hoc|ARM.Deploy.0 = Release|Any CPU
		{F1323CB7-9591-448A-BD53-2A0F92A1DBEB}.Ad-Hoc|iPhone.ActiveCfg = Release|Any CPU
		{F1323CB7-9591-448A-BD53-2A0F92A1DBEB}.Ad-Hoc|iPhone.Build.0 = Release|Any CPU
		{F1323CB7-9591-448A-BD53-2A0F92A1DBEB}.Ad-Hoc|iPhone.Deploy.0 = Release|Any CPU
		{F1323CB7-9591-448A-BD53-2A0F92A1DBEB}.Ad-Hoc|iPhoneSimulator.ActiveCfg = Release|Any CPU
		{F1323CB7-9591-448A-BD53-2A0F92A1DBEB}.Ad-Hoc|iPhoneSimulator.Build.0 = Release|Any CPU
		{F1323CB7-9591-448A-BD53-2A0F92A1DBEB}.Ad-Hoc|iPhoneSimulator.Deploy.0 = Release|Any CPU
		{F1323CB7-9591-448A-BD53-2A0F92A1DBEB}.Ad-Hoc|x64.ActiveCfg = Release|Any CPU
		{F1323CB7-9591-448A-BD53-2A0F92A1DBEB}.Ad-Hoc|x64.Build.0 = Release|Any CPU
		{F1323CB7-9591-448A-BD53-2A0F92A1DBEB}.Ad-Hoc|x64.Deploy.0 = Release|Any CPU
		{F1323CB7-9591-448A-BD53-2A0F92A1DBEB}.Ad-Hoc|x86.ActiveCfg = Release|Any CPU
		{F1323CB7-9591-448A-BD53-2A0F92A1DBEB}.Ad-Hoc|x86.Build.0 = Release|Any CPU
		{F1323CB7-9591-448A-BD53-2A0F92A1DBEB}.Ad-Hoc|x86.Deploy.0 = Release|Any CPU
		{F1323CB7-9591-448A-BD53-2A0F92A1DBEB}.AppStore|Any CPU.ActiveCfg = Release|Any CPU
		{F1323CB7-9591-448A-BD53-2A0F92A1DBEB}.AppStore|Any CPU.Build.0 = Release|Any CPU
		{F1323CB7-9591-448A-BD53-2A0F92A1DBEB}.AppStore|Any CPU.Deploy.0 = Release|Any CPU
		{F1323CB7-9591-448A-BD53-2A0F92A1DBEB}.AppStore|ARM.ActiveCfg = Release|Any CPU
		{F1323CB7-9591-448A-BD53-2A0F92A1DBEB}.AppStore|ARM.Build.0 = Release|Any CPU
		{F1323CB7-9591-448A-BD53-2A0F92A1DBEB}.AppStore|ARM.Deploy.0 = Release|Any CPU
		{F1323CB7-9591-448A-BD53-2A0F92A1DBEB}.AppStore|iPhone.ActiveCfg = Release|Any CPU
		{F1323CB7-9591-448A-BD53-2A0F92A1DBEB}.AppStore|iPhone.Build.0 = Release|Any CPU
		{F1323CB7-9591-448A-BD53-2A0F92A1DBEB}.AppStore|iPhone.Deploy.0 = Release|Any CPU
		{F1323CB7-9591-448A-BD53-2A0F92A1DBEB}.AppStore|iPhoneSimulator.ActiveCfg = Release|Any CPU
		{F1323CB7-9591-448A-BD53-2A0F92A1DBEB}.AppStore|iPhoneSimulator.Build.0 = Release|Any CPU
		{F1323CB7-9591-448A-BD53-2A0F92A1DBEB}.AppStore|iPhoneSimulator.Deploy.0 = Release|Any CPU
		{F1323CB7-9591-448A-BD53-2A0F92A1DBEB}.AppStore|x64.ActiveCfg = Release|Any CPU
		{F1323CB7-9591-448A-BD53-2A0F92A1DBEB}.AppStore|x64.Build.0 = Release|Any CPU
		{F1323CB7-9591-448A-BD53-2A0F92A1DBEB}.AppStore|x64.Deploy.0 = Release|Any CPU
		{F1323CB7-9591-448A-BD53-2A0F92A1DBEB}.AppStore|x86.ActiveCfg = Release|Any CPU
		{F1323CB7-9591-448A-BD53-2A0F92A1DBEB}.AppStore|x86.Build.0 = Release|Any CPU
		{F1323CB7-9591-448A-BD53-2A0F92A1DBEB}.AppStore|x86.Deploy.0 = Release|Any CPU
		{F1323CB7-9591-448A-BD53-2A0F92A1DBEB}.Debug|Any CPU.ActiveCfg = Debug|Any CPU
		{F1323CB7-9591-448A-BD53-2A0F92A1DBEB}.Debug|Any CPU.Build.0 = Debug|Any CPU
		{F1323CB7-9591-448A-BD53-2A0F92A1DBEB}.Debug|Any CPU.Deploy.0 = Debug|Any CPU
		{F1323CB7-9591-448A-BD53-2A0F92A1DBEB}.Debug|ARM.ActiveCfg = Debug|Any CPU
		{F1323CB7-9591-448A-BD53-2A0F92A1DBEB}.Debug|ARM.Build.0 = Debug|Any CPU
		{F1323CB7-9591-448A-BD53-2A0F92A1DBEB}.Debug|ARM.Deploy.0 = Debug|Any CPU
		{F1323CB7-9591-448A-BD53-2A0F92A1DBEB}.Debug|iPhone.ActiveCfg = Debug|Any CPU
		{F1323CB7-9591-448A-BD53-2A0F92A1DBEB}.Debug|iPhone.Build.0 = Debug|Any CPU
		{F1323CB7-9591-448A-BD53-2A0F92A1DBEB}.Debug|iPhone.Deploy.0 = Debug|Any CPU
		{F1323CB7-9591-448A-BD53-2A0F92A1DBEB}.Debug|iPhoneSimulator.ActiveCfg = Debug|Any CPU
		{F1323CB7-9591-448A-BD53-2A0F92A1DBEB}.Debug|iPhoneSimulator.Build.0 = Debug|Any CPU
		{F1323CB7-9591-448A-BD53-2A0F92A1DBEB}.Debug|iPhoneSimulator.Deploy.0 = Debug|Any CPU
		{F1323CB7-9591-448A-BD53-2A0F92A1DBEB}.Debug|x64.ActiveCfg = Debug|Any CPU
		{F1323CB7-9591-448A-BD53-2A0F92A1DBEB}.Debug|x64.Build.0 = Debug|Any CPU
		{F1323CB7-9591-448A-BD53-2A0F92A1DBEB}.Debug|x64.Deploy.0 = Debug|Any CPU
		{F1323CB7-9591-448A-BD53-2A0F92A1DBEB}.Debug|x86.ActiveCfg = Debug|Any CPU
		{F1323CB7-9591-448A-BD53-2A0F92A1DBEB}.Debug|x86.Build.0 = Debug|Any CPU
		{F1323CB7-9591-448A-BD53-2A0F92A1DBEB}.Debug|x86.Deploy.0 = Debug|Any CPU
		{F1323CB7-9591-448A-BD53-2A0F92A1DBEB}.Release|Any CPU.ActiveCfg = Release|Any CPU
		{F1323CB7-9591-448A-BD53-2A0F92A1DBEB}.Release|Any CPU.Build.0 = Release|Any CPU
		{F1323CB7-9591-448A-BD53-2A0F92A1DBEB}.Release|Any CPU.Deploy.0 = Release|Any CPU
		{F1323CB7-9591-448A-BD53-2A0F92A1DBEB}.Release|ARM.ActiveCfg = Release|Any CPU
		{F1323CB7-9591-448A-BD53-2A0F92A1DBEB}.Release|ARM.Build.0 = Release|Any CPU
		{F1323CB7-9591-448A-BD53-2A0F92A1DBEB}.Release|ARM.Deploy.0 = Release|Any CPU
		{F1323CB7-9591-448A-BD53-2A0F92A1DBEB}.Release|iPhone.ActiveCfg = Release|Any CPU
		{F1323CB7-9591-448A-BD53-2A0F92A1DBEB}.Release|iPhone.Build.0 = Release|Any CPU
		{F1323CB7-9591-448A-BD53-2A0F92A1DBEB}.Release|iPhone.Deploy.0 = Release|Any CPU
		{F1323CB7-9591-448A-BD53-2A0F92A1DBEB}.Release|iPhoneSimulator.ActiveCfg = Release|Any CPU
		{F1323CB7-9591-448A-BD53-2A0F92A1DBEB}.Release|iPhoneSimulator.Build.0 = Release|Any CPU
		{F1323CB7-9591-448A-BD53-2A0F92A1DBEB}.Release|iPhoneSimulator.Deploy.0 = Release|Any CPU
		{F1323CB7-9591-448A-BD53-2A0F92A1DBEB}.Release|x64.ActiveCfg = Release|Any CPU
		{F1323CB7-9591-448A-BD53-2A0F92A1DBEB}.Release|x64.Build.0 = Release|Any CPU
		{F1323CB7-9591-448A-BD53-2A0F92A1DBEB}.Release|x64.Deploy.0 = Release|Any CPU
		{F1323CB7-9591-448A-BD53-2A0F92A1DBEB}.Release|x86.ActiveCfg = Release|Any CPU
		{F1323CB7-9591-448A-BD53-2A0F92A1DBEB}.Release|x86.Build.0 = Release|Any CPU
		{F1323CB7-9591-448A-BD53-2A0F92A1DBEB}.Release|x86.Deploy.0 = Release|Any CPU
		{53CFF667-097C-4F05-BC5C-7634ECEE5C01}.Ad-Hoc|Any CPU.ActiveCfg = Ad-Hoc|iPhone
		{53CFF667-097C-4F05-BC5C-7634ECEE5C01}.Ad-Hoc|Any CPU.Build.0 = Ad-Hoc|iPhone
		{53CFF667-097C-4F05-BC5C-7634ECEE5C01}.Ad-Hoc|Any CPU.Deploy.0 = Ad-Hoc|iPhone
		{53CFF667-097C-4F05-BC5C-7634ECEE5C01}.Ad-Hoc|ARM.ActiveCfg = Ad-Hoc|iPhone
		{53CFF667-097C-4F05-BC5C-7634ECEE5C01}.Ad-Hoc|ARM.Build.0 = Ad-Hoc|iPhone
		{53CFF667-097C-4F05-BC5C-7634ECEE5C01}.Ad-Hoc|ARM.Deploy.0 = Ad-Hoc|iPhone
		{53CFF667-097C-4F05-BC5C-7634ECEE5C01}.Ad-Hoc|iPhone.ActiveCfg = Ad-Hoc|iPhone
		{53CFF667-097C-4F05-BC5C-7634ECEE5C01}.Ad-Hoc|iPhone.Build.0 = Ad-Hoc|iPhone
		{53CFF667-097C-4F05-BC5C-7634ECEE5C01}.Ad-Hoc|iPhone.Deploy.0 = Ad-Hoc|iPhone
		{53CFF667-097C-4F05-BC5C-7634ECEE5C01}.Ad-Hoc|iPhoneSimulator.ActiveCfg = Ad-Hoc|iPhoneSimulator
		{53CFF667-097C-4F05-BC5C-7634ECEE5C01}.Ad-Hoc|iPhoneSimulator.Build.0 = Ad-Hoc|iPhoneSimulator
		{53CFF667-097C-4F05-BC5C-7634ECEE5C01}.Ad-Hoc|iPhoneSimulator.Deploy.0 = Ad-Hoc|iPhoneSimulator
		{53CFF667-097C-4F05-BC5C-7634ECEE5C01}.Ad-Hoc|x64.ActiveCfg = Ad-Hoc|iPhone
		{53CFF667-097C-4F05-BC5C-7634ECEE5C01}.Ad-Hoc|x64.Build.0 = Ad-Hoc|iPhone
		{53CFF667-097C-4F05-BC5C-7634ECEE5C01}.Ad-Hoc|x64.Deploy.0 = Ad-Hoc|iPhone
		{53CFF667-097C-4F05-BC5C-7634ECEE5C01}.Ad-Hoc|x86.ActiveCfg = Ad-Hoc|iPhone
		{53CFF667-097C-4F05-BC5C-7634ECEE5C01}.Ad-Hoc|x86.Build.0 = Ad-Hoc|iPhone
		{53CFF667-097C-4F05-BC5C-7634ECEE5C01}.Ad-Hoc|x86.Deploy.0 = Ad-Hoc|iPhone
		{53CFF667-097C-4F05-BC5C-7634ECEE5C01}.AppStore|Any CPU.ActiveCfg = AppStore|iPhone
		{53CFF667-097C-4F05-BC5C-7634ECEE5C01}.AppStore|Any CPU.Build.0 = AppStore|iPhone
		{53CFF667-097C-4F05-BC5C-7634ECEE5C01}.AppStore|Any CPU.Deploy.0 = AppStore|iPhone
		{53CFF667-097C-4F05-BC5C-7634ECEE5C01}.AppStore|ARM.ActiveCfg = AppStore|iPhone
		{53CFF667-097C-4F05-BC5C-7634ECEE5C01}.AppStore|ARM.Build.0 = AppStore|iPhone
		{53CFF667-097C-4F05-BC5C-7634ECEE5C01}.AppStore|ARM.Deploy.0 = AppStore|iPhone
		{53CFF667-097C-4F05-BC5C-7634ECEE5C01}.AppStore|iPhone.ActiveCfg = AppStore|iPhone
		{53CFF667-097C-4F05-BC5C-7634ECEE5C01}.AppStore|iPhone.Build.0 = AppStore|iPhone
		{53CFF667-097C-4F05-BC5C-7634ECEE5C01}.AppStore|iPhone.Deploy.0 = AppStore|iPhone
		{53CFF667-097C-4F05-BC5C-7634ECEE5C01}.AppStore|iPhoneSimulator.ActiveCfg = AppStore|iPhoneSimulator
		{53CFF667-097C-4F05-BC5C-7634ECEE5C01}.AppStore|iPhoneSimulator.Build.0 = AppStore|iPhoneSimulator
		{53CFF667-097C-4F05-BC5C-7634ECEE5C01}.AppStore|iPhoneSimulator.Deploy.0 = AppStore|iPhoneSimulator
		{53CFF667-097C-4F05-BC5C-7634ECEE5C01}.AppStore|x64.ActiveCfg = AppStore|iPhone
		{53CFF667-097C-4F05-BC5C-7634ECEE5C01}.AppStore|x64.Build.0 = AppStore|iPhone
		{53CFF667-097C-4F05-BC5C-7634ECEE5C01}.AppStore|x64.Deploy.0 = AppStore|iPhone
		{53CFF667-097C-4F05-BC5C-7634ECEE5C01}.AppStore|x86.ActiveCfg = AppStore|iPhone
		{53CFF667-097C-4F05-BC5C-7634ECEE5C01}.AppStore|x86.Build.0 = AppStore|iPhone
		{53CFF667-097C-4F05-BC5C-7634ECEE5C01}.AppStore|x86.Deploy.0 = AppStore|iPhone
		{53CFF667-097C-4F05-BC5C-7634ECEE5C01}.Debug|Any CPU.ActiveCfg = Debug|iPhoneSimulator
		{53CFF667-097C-4F05-BC5C-7634ECEE5C01}.Debug|Any CPU.Build.0 = Debug|iPhoneSimulator
		{53CFF667-097C-4F05-BC5C-7634ECEE5C01}.Debug|Any CPU.Deploy.0 = Debug|iPhoneSimulator
		{53CFF667-097C-4F05-BC5C-7634ECEE5C01}.Debug|ARM.ActiveCfg = Debug|iPhone
		{53CFF667-097C-4F05-BC5C-7634ECEE5C01}.Debug|ARM.Build.0 = Debug|iPhone
		{53CFF667-097C-4F05-BC5C-7634ECEE5C01}.Debug|ARM.Deploy.0 = Debug|iPhone
		{53CFF667-097C-4F05-BC5C-7634ECEE5C01}.Debug|iPhone.ActiveCfg = Debug|iPhone
		{53CFF667-097C-4F05-BC5C-7634ECEE5C01}.Debug|iPhone.Build.0 = Debug|iPhone
		{53CFF667-097C-4F05-BC5C-7634ECEE5C01}.Debug|iPhone.Deploy.0 = Debug|iPhone
		{53CFF667-097C-4F05-BC5C-7634ECEE5C01}.Debug|iPhoneSimulator.ActiveCfg = Debug|iPhoneSimulator
		{53CFF667-097C-4F05-BC5C-7634ECEE5C01}.Debug|iPhoneSimulator.Build.0 = Debug|iPhoneSimulator
		{53CFF667-097C-4F05-BC5C-7634ECEE5C01}.Debug|iPhoneSimulator.Deploy.0 = Debug|iPhoneSimulator
		{53CFF667-097C-4F05-BC5C-7634ECEE5C01}.Debug|x64.ActiveCfg = Debug|iPhone
		{53CFF667-097C-4F05-BC5C-7634ECEE5C01}.Debug|x64.Build.0 = Debug|iPhone
		{53CFF667-097C-4F05-BC5C-7634ECEE5C01}.Debug|x64.Deploy.0 = Debug|iPhone
		{53CFF667-097C-4F05-BC5C-7634ECEE5C01}.Debug|x86.ActiveCfg = Debug|iPhone
		{53CFF667-097C-4F05-BC5C-7634ECEE5C01}.Debug|x86.Build.0 = Debug|iPhone
		{53CFF667-097C-4F05-BC5C-7634ECEE5C01}.Debug|x86.Deploy.0 = Debug|iPhone
		{53CFF667-097C-4F05-BC5C-7634ECEE5C01}.Release|Any CPU.ActiveCfg = Release|iPhone
		{53CFF667-097C-4F05-BC5C-7634ECEE5C01}.Release|Any CPU.Build.0 = Release|iPhone
		{53CFF667-097C-4F05-BC5C-7634ECEE5C01}.Release|Any CPU.Deploy.0 = Release|iPhone
		{53CFF667-097C-4F05-BC5C-7634ECEE5C01}.Release|ARM.ActiveCfg = Release|iPhone
		{53CFF667-097C-4F05-BC5C-7634ECEE5C01}.Release|ARM.Build.0 = Release|iPhone
		{53CFF667-097C-4F05-BC5C-7634ECEE5C01}.Release|ARM.Deploy.0 = Release|iPhone
		{53CFF667-097C-4F05-BC5C-7634ECEE5C01}.Release|iPhone.ActiveCfg = Release|iPhone
		{53CFF667-097C-4F05-BC5C-7634ECEE5C01}.Release|iPhone.Build.0 = Release|iPhone
		{53CFF667-097C-4F05-BC5C-7634ECEE5C01}.Release|iPhone.Deploy.0 = Release|iPhone
		{53CFF667-097C-4F05-BC5C-7634ECEE5C01}.Release|iPhoneSimulator.ActiveCfg = Release|iPhoneSimulator
		{53CFF667-097C-4F05-BC5C-7634ECEE5C01}.Release|iPhoneSimulator.Build.0 = Release|iPhoneSimulator
		{53CFF667-097C-4F05-BC5C-7634ECEE5C01}.Release|iPhoneSimulator.Deploy.0 = Release|iPhoneSimulator
		{53CFF667-097C-4F05-BC5C-7634ECEE5C01}.Release|x64.ActiveCfg = Release|iPhone
		{53CFF667-097C-4F05-BC5C-7634ECEE5C01}.Release|x64.Build.0 = Release|iPhone
		{53CFF667-097C-4F05-BC5C-7634ECEE5C01}.Release|x64.Deploy.0 = Release|iPhone
		{53CFF667-097C-4F05-BC5C-7634ECEE5C01}.Release|x86.ActiveCfg = Release|iPhone
		{53CFF667-097C-4F05-BC5C-7634ECEE5C01}.Release|x86.Build.0 = Release|iPhone
		{53CFF667-097C-4F05-BC5C-7634ECEE5C01}.Release|x86.Deploy.0 = Release|iPhone
		{E53D6F91-C142-46B7-8CD1-5D08EC9D915B}.Ad-Hoc|Any CPU.ActiveCfg = Release|x86
		{E53D6F91-C142-46B7-8CD1-5D08EC9D915B}.Ad-Hoc|Any CPU.Build.0 = Release|x86
		{E53D6F91-C142-46B7-8CD1-5D08EC9D915B}.Ad-Hoc|Any CPU.Deploy.0 = Release|x86
		{E53D6F91-C142-46B7-8CD1-5D08EC9D915B}.Ad-Hoc|ARM.ActiveCfg = Release|ARM
		{E53D6F91-C142-46B7-8CD1-5D08EC9D915B}.Ad-Hoc|ARM.Build.0 = Release|ARM
		{E53D6F91-C142-46B7-8CD1-5D08EC9D915B}.Ad-Hoc|ARM.Deploy.0 = Release|ARM
		{E53D6F91-C142-46B7-8CD1-5D08EC9D915B}.Ad-Hoc|iPhone.ActiveCfg = Release|x86
		{E53D6F91-C142-46B7-8CD1-5D08EC9D915B}.Ad-Hoc|iPhone.Build.0 = Release|x86
		{E53D6F91-C142-46B7-8CD1-5D08EC9D915B}.Ad-Hoc|iPhone.Deploy.0 = Release|x86
		{E53D6F91-C142-46B7-8CD1-5D08EC9D915B}.Ad-Hoc|iPhoneSimulator.ActiveCfg = Release|x86
		{E53D6F91-C142-46B7-8CD1-5D08EC9D915B}.Ad-Hoc|iPhoneSimulator.Build.0 = Release|x86
		{E53D6F91-C142-46B7-8CD1-5D08EC9D915B}.Ad-Hoc|iPhoneSimulator.Deploy.0 = Release|x86
		{E53D6F91-C142-46B7-8CD1-5D08EC9D915B}.Ad-Hoc|x64.ActiveCfg = Release|x64
		{E53D6F91-C142-46B7-8CD1-5D08EC9D915B}.Ad-Hoc|x64.Build.0 = Release|x64
		{E53D6F91-C142-46B7-8CD1-5D08EC9D915B}.Ad-Hoc|x64.Deploy.0 = Release|x64
		{E53D6F91-C142-46B7-8CD1-5D08EC9D915B}.Ad-Hoc|x86.ActiveCfg = Release|x86
		{E53D6F91-C142-46B7-8CD1-5D08EC9D915B}.Ad-Hoc|x86.Build.0 = Release|x86
		{E53D6F91-C142-46B7-8CD1-5D08EC9D915B}.Ad-Hoc|x86.Deploy.0 = Release|x86
		{E53D6F91-C142-46B7-8CD1-5D08EC9D915B}.AppStore|Any CPU.ActiveCfg = Release|x86
		{E53D6F91-C142-46B7-8CD1-5D08EC9D915B}.AppStore|Any CPU.Build.0 = Release|x86
		{E53D6F91-C142-46B7-8CD1-5D08EC9D915B}.AppStore|Any CPU.Deploy.0 = Release|x86
		{E53D6F91-C142-46B7-8CD1-5D08EC9D915B}.AppStore|ARM.ActiveCfg = Release|ARM
		{E53D6F91-C142-46B7-8CD1-5D08EC9D915B}.AppStore|ARM.Build.0 = Release|ARM
		{E53D6F91-C142-46B7-8CD1-5D08EC9D915B}.AppStore|ARM.Deploy.0 = Release|ARM
		{E53D6F91-C142-46B7-8CD1-5D08EC9D915B}.AppStore|iPhone.ActiveCfg = Release|x86
		{E53D6F91-C142-46B7-8CD1-5D08EC9D915B}.AppStore|iPhone.Build.0 = Release|x86
		{E53D6F91-C142-46B7-8CD1-5D08EC9D915B}.AppStore|iPhone.Deploy.0 = Release|x86
		{E53D6F91-C142-46B7-8CD1-5D08EC9D915B}.AppStore|iPhoneSimulator.ActiveCfg = Release|x86
		{E53D6F91-C142-46B7-8CD1-5D08EC9D915B}.AppStore|iPhoneSimulator.Build.0 = Release|x86
		{E53D6F91-C142-46B7-8CD1-5D08EC9D915B}.AppStore|iPhoneSimulator.Deploy.0 = Release|x86
		{E53D6F91-C142-46B7-8CD1-5D08EC9D915B}.AppStore|x64.ActiveCfg = Release|x64
		{E53D6F91-C142-46B7-8CD1-5D08EC9D915B}.AppStore|x64.Build.0 = Release|x64
		{E53D6F91-C142-46B7-8CD1-5D08EC9D915B}.AppStore|x64.Deploy.0 = Release|x64
		{E53D6F91-C142-46B7-8CD1-5D08EC9D915B}.AppStore|x86.ActiveCfg = Release|x86
		{E53D6F91-C142-46B7-8CD1-5D08EC9D915B}.AppStore|x86.Build.0 = Release|x86
		{E53D6F91-C142-46B7-8CD1-5D08EC9D915B}.AppStore|x86.Deploy.0 = Release|x86
		{E53D6F91-C142-46B7-8CD1-5D08EC9D915B}.Debug|Any CPU.ActiveCfg = Debug|x86
		{E53D6F91-C142-46B7-8CD1-5D08EC9D915B}.Debug|Any CPU.Build.0 = Debug|x86
		{E53D6F91-C142-46B7-8CD1-5D08EC9D915B}.Debug|Any CPU.Deploy.0 = Debug|x86
		{E53D6F91-C142-46B7-8CD1-5D08EC9D915B}.Debug|ARM.ActiveCfg = Debug|ARM
		{E53D6F91-C142-46B7-8CD1-5D08EC9D915B}.Debug|ARM.Build.0 = Debug|ARM
		{E53D6F91-C142-46B7-8CD1-5D08EC9D915B}.Debug|ARM.Deploy.0 = Debug|ARM
		{E53D6F91-C142-46B7-8CD1-5D08EC9D915B}.Debug|iPhone.ActiveCfg = Debug|x86
		{E53D6F91-C142-46B7-8CD1-5D08EC9D915B}.Debug|iPhone.Build.0 = Debug|x86
		{E53D6F91-C142-46B7-8CD1-5D08EC9D915B}.Debug|iPhone.Deploy.0 = Debug|x86
		{E53D6F91-C142-46B7-8CD1-5D08EC9D915B}.Debug|iPhoneSimulator.ActiveCfg = Debug|x86
		{E53D6F91-C142-46B7-8CD1-5D08EC9D915B}.Debug|iPhoneSimulator.Build.0 = Debug|x86
		{E53D6F91-C142-46B7-8CD1-5D08EC9D915B}.Debug|iPhoneSimulator.Deploy.0 = Debug|x86
		{E53D6F91-C142-46B7-8CD1-5D08EC9D915B}.Debug|x64.ActiveCfg = Debug|x64
		{E53D6F91-C142-46B7-8CD1-5D08EC9D915B}.Debug|x64.Build.0 = Debug|x64
		{E53D6F91-C142-46B7-8CD1-5D08EC9D915B}.Debug|x64.Deploy.0 = Debug|x64
		{E53D6F91-C142-46B7-8CD1-5D08EC9D915B}.Debug|x86.ActiveCfg = Debug|x86
		{E53D6F91-C142-46B7-8CD1-5D08EC9D915B}.Debug|x86.Build.0 = Debug|x86
		{E53D6F91-C142-46B7-8CD1-5D08EC9D915B}.Debug|x86.Deploy.0 = Debug|x86
		{E53D6F91-C142-46B7-8CD1-5D08EC9D915B}.Release|Any CPU.ActiveCfg = Release|x86
		{E53D6F91-C142-46B7-8CD1-5D08EC9D915B}.Release|Any CPU.Build.0 = Release|x86
		{E53D6F91-C142-46B7-8CD1-5D08EC9D915B}.Release|Any CPU.Deploy.0 = Release|x86
		{E53D6F91-C142-46B7-8CD1-5D08EC9D915B}.Release|ARM.ActiveCfg = Release|ARM
		{E53D6F91-C142-46B7-8CD1-5D08EC9D915B}.Release|ARM.Build.0 = Release|ARM
		{E53D6F91-C142-46B7-8CD1-5D08EC9D915B}.Release|ARM.Deploy.0 = Release|ARM
		{E53D6F91-C142-46B7-8CD1-5D08EC9D915B}.Release|iPhone.ActiveCfg = Release|x86
		{E53D6F91-C142-46B7-8CD1-5D08EC9D915B}.Release|iPhone.Build.0 = Release|x86
		{E53D6F91-C142-46B7-8CD1-5D08EC9D915B}.Release|iPhone.Deploy.0 = Release|x86
		{E53D6F91-C142-46B7-8CD1-5D08EC9D915B}.Release|iPhoneSimulator.ActiveCfg = Release|x86
		{E53D6F91-C142-46B7-8CD1-5D08EC9D915B}.Release|iPhoneSimulator.Build.0 = Release|x86
		{E53D6F91-C142-46B7-8CD1-5D08EC9D915B}.Release|iPhoneSimulator.Deploy.0 = Release|x86
		{E53D6F91-C142-46B7-8CD1-5D08EC9D915B}.Release|x64.ActiveCfg = Release|x64
		{E53D6F91-C142-46B7-8CD1-5D08EC9D915B}.Release|x64.Build.0 = Release|x64
		{E53D6F91-C142-46B7-8CD1-5D08EC9D915B}.Release|x64.Deploy.0 = Release|x64
		{E53D6F91-C142-46B7-8CD1-5D08EC9D915B}.Release|x86.ActiveCfg = Release|x86
		{E53D6F91-C142-46B7-8CD1-5D08EC9D915B}.Release|x86.Build.0 = Release|x86
		{E53D6F91-C142-46B7-8CD1-5D08EC9D915B}.Release|x86.Deploy.0 = Release|x86
		{C98AB40E-B10B-400B-BFC7-14F489F3DA47}.Ad-Hoc|Any CPU.ActiveCfg = Debug|Any CPU
		{C98AB40E-B10B-400B-BFC7-14F489F3DA47}.Ad-Hoc|Any CPU.Build.0 = Debug|Any CPU
		{C98AB40E-B10B-400B-BFC7-14F489F3DA47}.Ad-Hoc|Any CPU.Deploy.0 = Debug|Any CPU
		{C98AB40E-B10B-400B-BFC7-14F489F3DA47}.Ad-Hoc|ARM.ActiveCfg = Debug|Any CPU
		{C98AB40E-B10B-400B-BFC7-14F489F3DA47}.Ad-Hoc|ARM.Build.0 = Debug|Any CPU
		{C98AB40E-B10B-400B-BFC7-14F489F3DA47}.Ad-Hoc|ARM.Deploy.0 = Debug|Any CPU
		{C98AB40E-B10B-400B-BFC7-14F489F3DA47}.Ad-Hoc|iPhone.ActiveCfg = Debug|Any CPU
		{C98AB40E-B10B-400B-BFC7-14F489F3DA47}.Ad-Hoc|iPhone.Build.0 = Debug|Any CPU
		{C98AB40E-B10B-400B-BFC7-14F489F3DA47}.Ad-Hoc|iPhone.Deploy.0 = Debug|Any CPU
		{C98AB40E-B10B-400B-BFC7-14F489F3DA47}.Ad-Hoc|iPhoneSimulator.ActiveCfg = Debug|Any CPU
		{C98AB40E-B10B-400B-BFC7-14F489F3DA47}.Ad-Hoc|iPhoneSimulator.Build.0 = Debug|Any CPU
		{C98AB40E-B10B-400B-BFC7-14F489F3DA47}.Ad-Hoc|iPhoneSimulator.Deploy.0 = Debug|Any CPU
		{C98AB40E-B10B-400B-BFC7-14F489F3DA47}.Ad-Hoc|x64.ActiveCfg = Debug|Any CPU
		{C98AB40E-B10B-400B-BFC7-14F489F3DA47}.Ad-Hoc|x64.Build.0 = Debug|Any CPU
		{C98AB40E-B10B-400B-BFC7-14F489F3DA47}.Ad-Hoc|x64.Deploy.0 = Debug|Any CPU
		{C98AB40E-B10B-400B-BFC7-14F489F3DA47}.Ad-Hoc|x86.ActiveCfg = Debug|Any CPU
		{C98AB40E-B10B-400B-BFC7-14F489F3DA47}.Ad-Hoc|x86.Build.0 = Debug|Any CPU
		{C98AB40E-B10B-400B-BFC7-14F489F3DA47}.Ad-Hoc|x86.Deploy.0 = Debug|Any CPU
		{C98AB40E-B10B-400B-BFC7-14F489F3DA47}.AppStore|Any CPU.ActiveCfg = Debug|Any CPU
		{C98AB40E-B10B-400B-BFC7-14F489F3DA47}.AppStore|Any CPU.Build.0 = Debug|Any CPU
		{C98AB40E-B10B-400B-BFC7-14F489F3DA47}.AppStore|Any CPU.Deploy.0 = Debug|Any CPU
		{C98AB40E-B10B-400B-BFC7-14F489F3DA47}.AppStore|ARM.ActiveCfg = Debug|Any CPU
		{C98AB40E-B10B-400B-BFC7-14F489F3DA47}.AppStore|ARM.Build.0 = Debug|Any CPU
		{C98AB40E-B10B-400B-BFC7-14F489F3DA47}.AppStore|ARM.Deploy.0 = Debug|Any CPU
		{C98AB40E-B10B-400B-BFC7-14F489F3DA47}.AppStore|iPhone.ActiveCfg = Debug|Any CPU
		{C98AB40E-B10B-400B-BFC7-14F489F3DA47}.AppStore|iPhone.Build.0 = Debug|Any CPU
		{C98AB40E-B10B-400B-BFC7-14F489F3DA47}.AppStore|iPhone.Deploy.0 = Debug|Any CPU
		{C98AB40E-B10B-400B-BFC7-14F489F3DA47}.AppStore|iPhoneSimulator.ActiveCfg = Debug|Any CPU
		{C98AB40E-B10B-400B-BFC7-14F489F3DA47}.AppStore|iPhoneSimulator.Build.0 = Debug|Any CPU
		{C98AB40E-B10B-400B-BFC7-14F489F3DA47}.AppStore|iPhoneSimulator.Deploy.0 = Debug|Any CPU
		{C98AB40E-B10B-400B-BFC7-14F489F3DA47}.AppStore|x64.ActiveCfg = Debug|Any CPU
		{C98AB40E-B10B-400B-BFC7-14F489F3DA47}.AppStore|x64.Build.0 = Debug|Any CPU
		{C98AB40E-B10B-400B-BFC7-14F489F3DA47}.AppStore|x64.Deploy.0 = Debug|Any CPU
		{C98AB40E-B10B-400B-BFC7-14F489F3DA47}.AppStore|x86.ActiveCfg = Debug|Any CPU
		{C98AB40E-B10B-400B-BFC7-14F489F3DA47}.AppStore|x86.Build.0 = Debug|Any CPU
		{C98AB40E-B10B-400B-BFC7-14F489F3DA47}.AppStore|x86.Deploy.0 = Debug|Any CPU
		{C98AB40E-B10B-400B-BFC7-14F489F3DA47}.Debug|Any CPU.ActiveCfg = Debug|Any CPU
		{C98AB40E-B10B-400B-BFC7-14F489F3DA47}.Debug|Any CPU.Build.0 = Debug|Any CPU
		{C98AB40E-B10B-400B-BFC7-14F489F3DA47}.Debug|Any CPU.Deploy.0 = Debug|Any CPU
		{C98AB40E-B10B-400B-BFC7-14F489F3DA47}.Debug|ARM.ActiveCfg = Debug|Any CPU
		{C98AB40E-B10B-400B-BFC7-14F489F3DA47}.Debug|ARM.Build.0 = Debug|Any CPU
		{C98AB40E-B10B-400B-BFC7-14F489F3DA47}.Debug|ARM.Deploy.0 = Debug|Any CPU
		{C98AB40E-B10B-400B-BFC7-14F489F3DA47}.Debug|iPhone.ActiveCfg = Debug|Any CPU
		{C98AB40E-B10B-400B-BFC7-14F489F3DA47}.Debug|iPhone.Build.0 = Debug|Any CPU
		{C98AB40E-B10B-400B-BFC7-14F489F3DA47}.Debug|iPhone.Deploy.0 = Debug|Any CPU
		{C98AB40E-B10B-400B-BFC7-14F489F3DA47}.Debug|iPhoneSimulator.ActiveCfg = Debug|Any CPU
		{C98AB40E-B10B-400B-BFC7-14F489F3DA47}.Debug|iPhoneSimulator.Build.0 = Debug|Any CPU
		{C98AB40E-B10B-400B-BFC7-14F489F3DA47}.Debug|iPhoneSimulator.Deploy.0 = Debug|Any CPU
		{C98AB40E-B10B-400B-BFC7-14F489F3DA47}.Debug|x64.ActiveCfg = Debug|Any CPU
		{C98AB40E-B10B-400B-BFC7-14F489F3DA47}.Debug|x64.Build.0 = Debug|Any CPU
		{C98AB40E-B10B-400B-BFC7-14F489F3DA47}.Debug|x64.Deploy.0 = Debug|Any CPU
		{C98AB40E-B10B-400B-BFC7-14F489F3DA47}.Debug|x86.ActiveCfg = Debug|Any CPU
		{C98AB40E-B10B-400B-BFC7-14F489F3DA47}.Debug|x86.Build.0 = Debug|Any CPU
		{C98AB40E-B10B-400B-BFC7-14F489F3DA47}.Debug|x86.Deploy.0 = Debug|Any CPU
		{C98AB40E-B10B-400B-BFC7-14F489F3DA47}.Release|Any CPU.ActiveCfg = Release|Any CPU
		{C98AB40E-B10B-400B-BFC7-14F489F3DA47}.Release|Any CPU.Build.0 = Release|Any CPU
		{C98AB40E-B10B-400B-BFC7-14F489F3DA47}.Release|Any CPU.Deploy.0 = Release|Any CPU
		{C98AB40E-B10B-400B-BFC7-14F489F3DA47}.Release|ARM.ActiveCfg = Release|Any CPU
		{C98AB40E-B10B-400B-BFC7-14F489F3DA47}.Release|ARM.Build.0 = Release|Any CPU
		{C98AB40E-B10B-400B-BFC7-14F489F3DA47}.Release|ARM.Deploy.0 = Release|Any CPU
		{C98AB40E-B10B-400B-BFC7-14F489F3DA47}.Release|iPhone.ActiveCfg = Release|Any CPU
		{C98AB40E-B10B-400B-BFC7-14F489F3DA47}.Release|iPhone.Build.0 = Release|Any CPU
		{C98AB40E-B10B-400B-BFC7-14F489F3DA47}.Release|iPhone.Deploy.0 = Release|Any CPU
		{C98AB40E-B10B-400B-BFC7-14F489F3DA47}.Release|iPhoneSimulator.ActiveCfg = Release|Any CPU
		{C98AB40E-B10B-400B-BFC7-14F489F3DA47}.Release|iPhoneSimulator.Build.0 = Release|Any CPU
		{C98AB40E-B10B-400B-BFC7-14F489F3DA47}.Release|iPhoneSimulator.Deploy.0 = Release|Any CPU
		{C98AB40E-B10B-400B-BFC7-14F489F3DA47}.Release|x64.ActiveCfg = Release|Any CPU
		{C98AB40E-B10B-400B-BFC7-14F489F3DA47}.Release|x64.Build.0 = Release|Any CPU
		{C98AB40E-B10B-400B-BFC7-14F489F3DA47}.Release|x64.Deploy.0 = Release|Any CPU
		{C98AB40E-B10B-400B-BFC7-14F489F3DA47}.Release|x86.ActiveCfg = Release|Any CPU
		{C98AB40E-B10B-400B-BFC7-14F489F3DA47}.Release|x86.Build.0 = Release|Any CPU
		{C98AB40E-B10B-400B-BFC7-14F489F3DA47}.Release|x86.Deploy.0 = Release|Any CPU
	EndGlobalSection
	GlobalSection(SolutionProperties) = preSolution
		HideSolutionNode = FALSE
	EndGlobalSection
	GlobalSection(ExtensibilityGlobals) = postSolution
		SolutionGuid = {960EE5B7-E788-43E9-8605-A8804BAF856F}
	EndGlobalSection
EndGlobal
